// !$*UTF8*$!
{
	archiveVersion = 1;
	classes = {
	};
	objectVersion = 46;
	objects = {

/* Begin PBXBuildFile section */
		56553E52AE180281D8D2D0CE /* Pods_TOPSPOT.framework in Frameworks */ = {isa = PBXBuildFile; fileRef = 006FEF5471750E7C88BF394F /* Pods_TOPSPOT.framework */; };
		CE1F8DAF1E4B8FD800395C7C /* AppDelegate.swift in Sources */ = {isa = PBXBuildFile; fileRef = CE1F8DAE1E4B8FD800395C7C /* AppDelegate.swift */; };
		CE1F8DB11E4B8FD800395C7C /* LoginVC.swift in Sources */ = {isa = PBXBuildFile; fileRef = CE1F8DB01E4B8FD800395C7C /* LoginVC.swift */; };
		CE1F8DB41E4B8FD800395C7C /* Main.storyboard in Resources */ = {isa = PBXBuildFile; fileRef = CE1F8DB21E4B8FD800395C7C /* Main.storyboard */; };
		CE1F8DB61E4B8FD800395C7C /* Assets.xcassets in Resources */ = {isa = PBXBuildFile; fileRef = CE1F8DB51E4B8FD800395C7C /* Assets.xcassets */; };
		CE1F8DB91E4B8FD800395C7C /* LaunchScreen.storyboard in Resources */ = {isa = PBXBuildFile; fileRef = CE1F8DB71E4B8FD800395C7C /* LaunchScreen.storyboard */; };
		CE1F8DC11E4B934700395C7C /* GoogleService-Info.plist in Resources */ = {isa = PBXBuildFile; fileRef = CE1F8DC01E4B934700395C7C /* GoogleService-Info.plist */; };
		CE1F8DCD1E4B997700395C7C /* CustomTextField.swift in Sources */ = {isa = PBXBuildFile; fileRef = CE1F8DCC1E4B997700395C7C /* CustomTextField.swift */; };
		CE1F8DCE1E4B9D2700395C7C /* Exo-Bold.otf in Resources */ = {isa = PBXBuildFile; fileRef = CE1F8DC61E4B947500395C7C /* Exo-Bold.otf */; };
		CE1F8DCF1E4B9D2700395C7C /* Archive.otf in Resources */ = {isa = PBXBuildFile; fileRef = CE1F8DCB1E4B95D800395C7C /* Archive.otf */; };
		CE1F8DD01E4B9D2700395C7C /* Exo-Italic.otf in Resources */ = {isa = PBXBuildFile; fileRef = CE1F8DC71E4B947F00395C7C /* Exo-Italic.otf */; };
		CE1F8DD11E4B9D2700395C7C /* Exo-Medium.otf in Resources */ = {isa = PBXBuildFile; fileRef = CE1F8DC81E4B948700395C7C /* Exo-Medium.otf */; };
		CE1F8DD21E4B9D2700395C7C /* Exo-Light.otf in Resources */ = {isa = PBXBuildFile; fileRef = CE1F8DC91E4B949200395C7C /* Exo-Light.otf */; };
		CE1F8DD31E4B9D2700395C7C /* Exo-Regular.otf in Resources */ = {isa = PBXBuildFile; fileRef = CE1F8DCA1E4B949A00395C7C /* Exo-Regular.otf */; };
		CE1F8DD51E4B9F6800395C7C /* SignUpVC.swift in Sources */ = {isa = PBXBuildFile; fileRef = CE1F8DD41E4B9F6800395C7C /* SignUpVC.swift */; };
		CE1F8DD71E4BAEA100395C7C /* DiscoverListVC.swift in Sources */ = {isa = PBXBuildFile; fileRef = CE1F8DD61E4BAEA100395C7C /* DiscoverListVC.swift */; };
		CE1F8DDA1E4BB05C00395C7C /* DataService.swift in Sources */ = {isa = PBXBuildFile; fileRef = CE1F8DD91E4BB05C00395C7C /* DataService.swift */; };
		CE3399281E4CEFEB00188664 /* TransitionManager.swift in Sources */ = {isa = PBXBuildFile; fileRef = CE3399271E4CEFEB00188664 /* TransitionManager.swift */; };
		CE33992A1E4D964500188664 /* Constants.swift in Sources */ = {isa = PBXBuildFile; fileRef = CE3399291E4D964500188664 /* Constants.swift */; };
		CE33992C1E4F489C00188664 /* Place.swift in Sources */ = {isa = PBXBuildFile; fileRef = CE33992B1E4F489C00188664 /* Place.swift */; };
		CE33992E1E4F503600188664 /* placeCell.swift in Sources */ = {isa = PBXBuildFile; fileRef = CE33992D1E4F503600188664 /* placeCell.swift */; };
		CE3399301E4F700E00188664 /* PlaceViewVC.swift in Sources */ = {isa = PBXBuildFile; fileRef = CE33992F1E4F700E00188664 /* PlaceViewVC.swift */; };
		CE3399321E4F7B7C00188664 /* RoundedImage.swift in Sources */ = {isa = PBXBuildFile; fileRef = CE3399311E4F7B7C00188664 /* RoundedImage.swift */; };
		CE3399341E4FACEE00188664 /* ExoLabel.swift in Sources */ = {isa = PBXBuildFile; fileRef = CE3399331E4FACEE00188664 /* ExoLabel.swift */; };
		CE3399361E4FB1FA00188664 /* CircledImage.swift in Sources */ = {isa = PBXBuildFile; fileRef = CE3399351E4FB1FA00188664 /* CircledImage.swift */; };
		CE3399381E4FB23A00188664 /* CircledView.swift in Sources */ = {isa = PBXBuildFile; fileRef = CE3399371E4FB23A00188664 /* CircledView.swift */; };
		CE33993A1E50465900188664 /* BookmarksListVC.swift in Sources */ = {isa = PBXBuildFile; fileRef = CE3399391E50465900188664 /* BookmarksListVC.swift */; };
		CE33993C1E5046FC00188664 /* ProfileVC.swift in Sources */ = {isa = PBXBuildFile; fileRef = CE33993B1E5046FC00188664 /* ProfileVC.swift */; };
		CE33993E1E504D1100188664 /* User.swift in Sources */ = {isa = PBXBuildFile; fileRef = CE33993D1E504D1100188664 /* User.swift */; };
		CE3399401E50564200188664 /* SettingsVC.swift in Sources */ = {isa = PBXBuildFile; fileRef = CE33993F1E50564200188664 /* SettingsVC.swift */; };
/* End PBXBuildFile section */

/* Begin PBXFileReference section */
		006FEF5471750E7C88BF394F /* Pods_TOPSPOT.framework */ = {isa = PBXFileReference; explicitFileType = wrapper.framework; includeInIndex = 0; path = Pods_TOPSPOT.framework; sourceTree = BUILT_PRODUCTS_DIR; };
		CE1F8DAB1E4B8FD800395C7C /* TOPSPOT.app */ = {isa = PBXFileReference; explicitFileType = wrapper.application; includeInIndex = 0; path = TOPSPOT.app; sourceTree = BUILT_PRODUCTS_DIR; };
		CE1F8DAE1E4B8FD800395C7C /* AppDelegate.swift */ = {isa = PBXFileReference; lastKnownFileType = sourcecode.swift; path = AppDelegate.swift; sourceTree = "<group>"; };
		CE1F8DB01E4B8FD800395C7C /* LoginVC.swift */ = {isa = PBXFileReference; lastKnownFileType = sourcecode.swift; path = LoginVC.swift; sourceTree = "<group>"; };
		CE1F8DB31E4B8FD800395C7C /* Base */ = {isa = PBXFileReference; lastKnownFileType = file.storyboard; name = Base; path = Base.lproj/Main.storyboard; sourceTree = "<group>"; };
		CE1F8DB51E4B8FD800395C7C /* Assets.xcassets */ = {isa = PBXFileReference; lastKnownFileType = folder.assetcatalog; path = Assets.xcassets; sourceTree = "<group>"; };
		CE1F8DB81E4B8FD800395C7C /* Base */ = {isa = PBXFileReference; lastKnownFileType = file.storyboard; name = Base; path = Base.lproj/LaunchScreen.storyboard; sourceTree = "<group>"; };
		CE1F8DBA1E4B8FD800395C7C /* Info.plist */ = {isa = PBXFileReference; lastKnownFileType = text.plist.xml; path = Info.plist; sourceTree = "<group>"; };
		CE1F8DC01E4B934700395C7C /* GoogleService-Info.plist */ = {isa = PBXFileReference; fileEncoding = 4; lastKnownFileType = text.plist.xml; path = "GoogleService-Info.plist"; sourceTree = "<group>"; };
		CE1F8DC61E4B947500395C7C /* Exo-Bold.otf */ = {isa = PBXFileReference; lastKnownFileType = file; path = "Exo-Bold.otf"; sourceTree = "<group>"; };
		CE1F8DC71E4B947F00395C7C /* Exo-Italic.otf */ = {isa = PBXFileReference; lastKnownFileType = file; path = "Exo-Italic.otf"; sourceTree = "<group>"; };
		CE1F8DC81E4B948700395C7C /* Exo-Medium.otf */ = {isa = PBXFileReference; lastKnownFileType = file; path = "Exo-Medium.otf"; sourceTree = "<group>"; };
		CE1F8DC91E4B949200395C7C /* Exo-Light.otf */ = {isa = PBXFileReference; lastKnownFileType = file; path = "Exo-Light.otf"; sourceTree = "<group>"; };
		CE1F8DCA1E4B949A00395C7C /* Exo-Regular.otf */ = {isa = PBXFileReference; lastKnownFileType = file; path = "Exo-Regular.otf"; sourceTree = "<group>"; };
		CE1F8DCB1E4B95D800395C7C /* Archive.otf */ = {isa = PBXFileReference; lastKnownFileType = file; path = Archive.otf; sourceTree = "<group>"; };
		CE1F8DCC1E4B997700395C7C /* CustomTextField.swift */ = {isa = PBXFileReference; fileEncoding = 4; lastKnownFileType = sourcecode.swift; path = CustomTextField.swift; sourceTree = "<group>"; };
		CE1F8DD41E4B9F6800395C7C /* SignUpVC.swift */ = {isa = PBXFileReference; fileEncoding = 4; lastKnownFileType = sourcecode.swift; path = SignUpVC.swift; sourceTree = "<group>"; };
		CE1F8DD61E4BAEA100395C7C /* DiscoverListVC.swift */ = {isa = PBXFileReference; fileEncoding = 4; lastKnownFileType = sourcecode.swift; path = DiscoverListVC.swift; sourceTree = "<group>"; };
		CE1F8DD91E4BB05C00395C7C /* DataService.swift */ = {isa = PBXFileReference; fileEncoding = 4; lastKnownFileType = sourcecode.swift; path = DataService.swift; sourceTree = "<group>"; };
		CE3399271E4CEFEB00188664 /* TransitionManager.swift */ = {isa = PBXFileReference; fileEncoding = 4; lastKnownFileType = sourcecode.swift; path = TransitionManager.swift; sourceTree = "<group>"; };
		CE3399291E4D964500188664 /* Constants.swift */ = {isa = PBXFileReference; fileEncoding = 4; lastKnownFileType = sourcecode.swift; path = Constants.swift; sourceTree = "<group>"; };
		CE33992B1E4F489C00188664 /* Place.swift */ = {isa = PBXFileReference; fileEncoding = 4; lastKnownFileType = sourcecode.swift; path = Place.swift; sourceTree = "<group>"; };
		CE33992D1E4F503600188664 /* placeCell.swift */ = {isa = PBXFileReference; fileEncoding = 4; lastKnownFileType = sourcecode.swift; path = placeCell.swift; sourceTree = "<group>"; };
		CE33992F1E4F700E00188664 /* PlaceViewVC.swift */ = {isa = PBXFileReference; fileEncoding = 4; lastKnownFileType = sourcecode.swift; path = PlaceViewVC.swift; sourceTree = "<group>"; };
		CE3399311E4F7B7C00188664 /* RoundedImage.swift */ = {isa = PBXFileReference; fileEncoding = 4; lastKnownFileType = sourcecode.swift; path = RoundedImage.swift; sourceTree = "<group>"; };
		CE3399331E4FACEE00188664 /* ExoLabel.swift */ = {isa = PBXFileReference; fileEncoding = 4; lastKnownFileType = sourcecode.swift; path = ExoLabel.swift; sourceTree = "<group>"; };
		CE3399351E4FB1FA00188664 /* CircledImage.swift */ = {isa = PBXFileReference; fileEncoding = 4; lastKnownFileType = sourcecode.swift; path = CircledImage.swift; sourceTree = "<group>"; };
		CE3399371E4FB23A00188664 /* CircledView.swift */ = {isa = PBXFileReference; fileEncoding = 4; lastKnownFileType = sourcecode.swift; path = CircledView.swift; sourceTree = "<group>"; };
		CE3399391E50465900188664 /* BookmarksListVC.swift */ = {isa = PBXFileReference; fileEncoding = 4; lastKnownFileType = sourcecode.swift; path = BookmarksListVC.swift; sourceTree = "<group>"; };
		CE33993B1E5046FC00188664 /* ProfileVC.swift */ = {isa = PBXFileReference; fileEncoding = 4; lastKnownFileType = sourcecode.swift; path = ProfileVC.swift; sourceTree = "<group>"; };
		CE33993D1E504D1100188664 /* User.swift */ = {isa = PBXFileReference; fileEncoding = 4; lastKnownFileType = sourcecode.swift; path = User.swift; sourceTree = "<group>"; };
		CE33993F1E50564200188664 /* SettingsVC.swift */ = {isa = PBXFileReference; fileEncoding = 4; lastKnownFileType = sourcecode.swift; path = SettingsVC.swift; sourceTree = "<group>"; };
		CEE9ED7F39D09BD411BC411A /* Pods-TOPSPOT.release.xcconfig */ = {isa = PBXFileReference; includeInIndex = 1; lastKnownFileType = text.xcconfig; name = "Pods-TOPSPOT.release.xcconfig"; path = "Pods/Target Support Files/Pods-TOPSPOT/Pods-TOPSPOT.release.xcconfig"; sourceTree = "<group>"; };
		F326F43303835DC397ACBA2B /* Pods-TOPSPOT.debug.xcconfig */ = {isa = PBXFileReference; includeInIndex = 1; lastKnownFileType = text.xcconfig; name = "Pods-TOPSPOT.debug.xcconfig"; path = "Pods/Target Support Files/Pods-TOPSPOT/Pods-TOPSPOT.debug.xcconfig"; sourceTree = "<group>"; };
/* End PBXFileReference section */

/* Begin PBXFrameworksBuildPhase section */
		CE1F8DA81E4B8FD600395C7C /* Frameworks */ = {
			isa = PBXFrameworksBuildPhase;
			buildActionMask = 2147483647;
			files = (
				56553E52AE180281D8D2D0CE /* Pods_TOPSPOT.framework in Frameworks */,
			);
			runOnlyForDeploymentPostprocessing = 0;
		};
/* End PBXFrameworksBuildPhase section */

/* Begin PBXGroup section */
		4AEB1AC9A857481306D5812E /* Frameworks */ = {
			isa = PBXGroup;
			children = (
				006FEF5471750E7C88BF394F /* Pods_TOPSPOT.framework */,
			);
			name = Frameworks;
			sourceTree = "<group>";
		};
		B71EA5E1741B62D4812574B7 /* Pods */ = {
			isa = PBXGroup;
			children = (
				F326F43303835DC397ACBA2B /* Pods-TOPSPOT.debug.xcconfig */,
				CEE9ED7F39D09BD411BC411A /* Pods-TOPSPOT.release.xcconfig */,
			);
			name = Pods;
			sourceTree = "<group>";
		};
		CE1F8DA21E4B8FD600395C7C = {
			isa = PBXGroup;
			children = (
				CE1F8DAD1E4B8FD800395C7C /* TOPSPOT */,
				CE1F8DAC1E4B8FD800395C7C /* Products */,
				B71EA5E1741B62D4812574B7 /* Pods */,
				4AEB1AC9A857481306D5812E /* Frameworks */,
			);
			sourceTree = "<group>";
		};
		CE1F8DAC1E4B8FD800395C7C /* Products */ = {
			isa = PBXGroup;
			children = (
				CE1F8DAB1E4B8FD800395C7C /* TOPSPOT.app */,
			);
			name = Products;
			sourceTree = "<group>";
		};
		CE1F8DAD1E4B8FD800395C7C /* TOPSPOT */ = {
			isa = PBXGroup;
			children = (
				CE1F8DD81E4BB04D00395C7C /* Services */,
				CE1F8DC51E4B946200395C7C /* Resources */,
				CE1F8DC41E4B93F500395C7C /* Controller */,
				CE1F8DC31E4B93EF00395C7C /* View */,
				CE1F8DC21E4B93E900395C7C /* Model */,
				CE1F8DAE1E4B8FD800395C7C /* AppDelegate.swift */,
				CE1F8DB21E4B8FD800395C7C /* Main.storyboard */,
				CE1F8DB51E4B8FD800395C7C /* Assets.xcassets */,
				CE1F8DB71E4B8FD800395C7C /* LaunchScreen.storyboard */,
				CE1F8DBA1E4B8FD800395C7C /* Info.plist */,
				CE1F8DC01E4B934700395C7C /* GoogleService-Info.plist */,
			);
			path = TOPSPOT;
			sourceTree = "<group>";
		};
		CE1F8DC21E4B93E900395C7C /* Model */ = {
			isa = PBXGroup;
			children = (
				CE33992B1E4F489C00188664 /* Place.swift */,
				CE33993D1E504D1100188664 /* User.swift */,
			);
			name = Model;
			sourceTree = "<group>";
		};
		CE1F8DC31E4B93EF00395C7C /* View */ = {
			isa = PBXGroup;
			children = (
				CE1F8DCC1E4B997700395C7C /* CustomTextField.swift */,
				CE33992D1E4F503600188664 /* placeCell.swift */,
				CE3399311E4F7B7C00188664 /* RoundedImage.swift */,
				CE3399331E4FACEE00188664 /* ExoLabel.swift */,
				CE3399351E4FB1FA00188664 /* CircledImage.swift */,
				CE3399371E4FB23A00188664 /* CircledView.swift */,
			);
			name = View;
			sourceTree = "<group>";
		};
		CE1F8DC41E4B93F500395C7C /* Controller */ = {
			isa = PBXGroup;
			children = (
				CE1F8DB01E4B8FD800395C7C /* LoginVC.swift */,
				CE1F8DD41E4B9F6800395C7C /* SignUpVC.swift */,
				CE1F8DD61E4BAEA100395C7C /* DiscoverListVC.swift */,
				CE3399271E4CEFEB00188664 /* TransitionManager.swift */,
				CE33992F1E4F700E00188664 /* PlaceViewVC.swift */,
				CE3399391E50465900188664 /* BookmarksListVC.swift */,
				CE33993B1E5046FC00188664 /* ProfileVC.swift */,
				CE33993F1E50564200188664 /* SettingsVC.swift */,
			);
			name = Controller;
			sourceTree = "<group>";
		};
		CE1F8DC51E4B946200395C7C /* Resources */ = {
			isa = PBXGroup;
			children = (
				CE1F8DC61E4B947500395C7C /* Exo-Bold.otf */,
				CE1F8DCB1E4B95D800395C7C /* Archive.otf */,
				CE1F8DC71E4B947F00395C7C /* Exo-Italic.otf */,
				CE1F8DC81E4B948700395C7C /* Exo-Medium.otf */,
				CE1F8DC91E4B949200395C7C /* Exo-Light.otf */,
				CE1F8DCA1E4B949A00395C7C /* Exo-Regular.otf */,
			);
			name = Resources;
			sourceTree = "<group>";
		};
		CE1F8DD81E4BB04D00395C7C /* Services */ = {
			isa = PBXGroup;
			children = (
				CE1F8DD91E4BB05C00395C7C /* DataService.swift */,
				CE3399291E4D964500188664 /* Constants.swift */,
			);
			name = Services;
			sourceTree = "<group>";
		};
/* End PBXGroup section */

/* Begin PBXNativeTarget section */
		CE1F8DAA1E4B8FD600395C7C /* TOPSPOT */ = {
			isa = PBXNativeTarget;
			buildConfigurationList = CE1F8DBD1E4B8FD800395C7C /* Build configuration list for PBXNativeTarget "TOPSPOT" */;
			buildPhases = (
				139E84C72367EA088F2EE865 /* [CP] Check Pods Manifest.lock */,
				CE1F8DA71E4B8FD600395C7C /* Sources */,
				CE1F8DA81E4B8FD600395C7C /* Frameworks */,
				CE1F8DA91E4B8FD600395C7C /* Resources */,
				E22BA1B53B901B3870EC8C84 /* [CP] Embed Pods Frameworks */,
				F588A080660829754B213131 /* [CP] Copy Pods Resources */,
			);
			buildRules = (
			);
			dependencies = (
			);
			name = TOPSPOT;
			productName = TOPSPOT;
			productReference = CE1F8DAB1E4B8FD800395C7C /* TOPSPOT.app */;
			productType = "com.apple.product-type.application";
		};
/* End PBXNativeTarget section */

/* Begin PBXProject section */
		CE1F8DA31E4B8FD600395C7C /* Project object */ = {
			isa = PBXProject;
			attributes = {
				LastSwiftUpdateCheck = 0820;
				LastUpgradeCheck = 0820;
				ORGANIZATIONNAME = Ludo;
				TargetAttributes = {
					CE1F8DAA1E4B8FD600395C7C = {
						CreatedOnToolsVersion = 8.2.1;
						ProvisioningStyle = Automatic;
					};
				};
			};
			buildConfigurationList = CE1F8DA61E4B8FD600395C7C /* Build configuration list for PBXProject "TOPSPOT" */;
			compatibilityVersion = "Xcode 3.2";
			developmentRegion = English;
			hasScannedForEncodings = 0;
			knownRegions = (
				en,
				Base,
			);
			mainGroup = CE1F8DA21E4B8FD600395C7C;
			productRefGroup = CE1F8DAC1E4B8FD800395C7C /* Products */;
			projectDirPath = "";
			projectRoot = "";
			targets = (
				CE1F8DAA1E4B8FD600395C7C /* TOPSPOT */,
			);
		};
/* End PBXProject section */

/* Begin PBXResourcesBuildPhase section */
		CE1F8DA91E4B8FD600395C7C /* Resources */ = {
			isa = PBXResourcesBuildPhase;
			buildActionMask = 2147483647;
			files = (
				CE1F8DCE1E4B9D2700395C7C /* Exo-Bold.otf in Resources */,
				CE1F8DCF1E4B9D2700395C7C /* Archive.otf in Resources */,
				CE1F8DD01E4B9D2700395C7C /* Exo-Italic.otf in Resources */,
				CE1F8DD11E4B9D2700395C7C /* Exo-Medium.otf in Resources */,
				CE1F8DD21E4B9D2700395C7C /* Exo-Light.otf in Resources */,
				CE1F8DD31E4B9D2700395C7C /* Exo-Regular.otf in Resources */,
				CE1F8DB91E4B8FD800395C7C /* LaunchScreen.storyboard in Resources */,
				CE1F8DC11E4B934700395C7C /* GoogleService-Info.plist in Resources */,
				CE1F8DB61E4B8FD800395C7C /* Assets.xcassets in Resources */,
				CE1F8DB41E4B8FD800395C7C /* Main.storyboard in Resources */,
			);
			runOnlyForDeploymentPostprocessing = 0;
		};
/* End PBXResourcesBuildPhase section */

/* Begin PBXShellScriptBuildPhase section */
		139E84C72367EA088F2EE865 /* [CP] Check Pods Manifest.lock */ = {
			isa = PBXShellScriptBuildPhase;
			buildActionMask = 2147483647;
			files = (
			);
			inputPaths = (
			);
			name = "[CP] Check Pods Manifest.lock";
			outputPaths = (
			);
			runOnlyForDeploymentPostprocessing = 0;
			shellPath = /bin/sh;
			shellScript = "diff \"${PODS_ROOT}/../Podfile.lock\" \"${PODS_ROOT}/Manifest.lock\" > /dev/null\nif [ $? != 0 ] ; then\n    # print error to STDERR\n    echo \"error: The sandbox is not in sync with the Podfile.lock. Run 'pod install' or update your CocoaPods installation.\" >&2\n    exit 1\nfi\n";
			showEnvVarsInLog = 0;
		};
		E22BA1B53B901B3870EC8C84 /* [CP] Embed Pods Frameworks */ = {
			isa = PBXShellScriptBuildPhase;
			buildActionMask = 2147483647;
			files = (
			);
			inputPaths = (
			);
			name = "[CP] Embed Pods Frameworks";
			outputPaths = (
			);
			runOnlyForDeploymentPostprocessing = 0;
			shellPath = /bin/sh;
			shellScript = "\"${SRCROOT}/Pods/Target Support Files/Pods-TOPSPOT/Pods-TOPSPOT-frameworks.sh\"\n";
			showEnvVarsInLog = 0;
		};
		F588A080660829754B213131 /* [CP] Copy Pods Resources */ = {
			isa = PBXShellScriptBuildPhase;
			buildActionMask = 2147483647;
			files = (
			);
			inputPaths = (
			);
			name = "[CP] Copy Pods Resources";
			outputPaths = (
			);
			runOnlyForDeploymentPostprocessing = 0;
			shellPath = /bin/sh;
			shellScript = "\"${SRCROOT}/Pods/Target Support Files/Pods-TOPSPOT/Pods-TOPSPOT-resources.sh\"\n";
			showEnvVarsInLog = 0;
		};
/* End PBXShellScriptBuildPhase section */

/* Begin PBXSourcesBuildPhase section */
		CE1F8DA71E4B8FD600395C7C /* Sources */ = {
			isa = PBXSourcesBuildPhase;
			buildActionMask = 2147483647;
			files = (
				CE3399401E50564200188664 /* SettingsVC.swift in Sources */,
				CE1F8DD51E4B9F6800395C7C /* SignUpVC.swift in Sources */,
				CE1F8DB11E4B8FD800395C7C /* LoginVC.swift in Sources */,
				CE3399281E4CEFEB00188664 /* TransitionManager.swift in Sources */,
				CE3399301E4F700E00188664 /* PlaceViewVC.swift in Sources */,
				CE3399341E4FACEE00188664 /* ExoLabel.swift in Sources */,
				CE1F8DD71E4BAEA100395C7C /* DiscoverListVC.swift in Sources */,
				CE1F8DDA1E4BB05C00395C7C /* DataService.swift in Sources */,
				CE1F8DAF1E4B8FD800395C7C /* AppDelegate.swift in Sources */,
				CE3399381E4FB23A00188664 /* CircledView.swift in Sources */,
				CE3399361E4FB1FA00188664 /* CircledImage.swift in Sources */,
				CE33992C1E4F489C00188664 /* Place.swift in Sources */,
				CE1F8DCD1E4B997700395C7C /* CustomTextField.swift in Sources */,
				CE3399321E4F7B7C00188664 /* RoundedImage.swift in Sources */,
				CE33993C1E5046FC00188664 /* ProfileVC.swift in Sources */,
				CE33993E1E504D1100188664 /* User.swift in Sources */,
				CE33992A1E4D964500188664 /* Constants.swift in Sources */,
				CE33993A1E50465900188664 /* BookmarksListVC.swift in Sources */,
				CE33992E1E4F503600188664 /* placeCell.swift in Sources */,
			);
			runOnlyForDeploymentPostprocessing = 0;
		};
/* End PBXSourcesBuildPhase section */

/* Begin PBXVariantGroup section */
		CE1F8DB21E4B8FD800395C7C /* Main.storyboard */ = {
			isa = PBXVariantGroup;
			children = (
				CE1F8DB31E4B8FD800395C7C /* Base */,
			);
			name = Main.storyboard;
			sourceTree = "<group>";
		};
		CE1F8DB71E4B8FD800395C7C /* LaunchScreen.storyboard */ = {
			isa = PBXVariantGroup;
			children = (
				CE1F8DB81E4B8FD800395C7C /* Base */,
			);
			name = LaunchScreen.storyboard;
			sourceTree = "<group>";
		};
/* End PBXVariantGroup section */

/* Begin XCBuildConfiguration section */
		CE1F8DBB1E4B8FD800395C7C /* Debug */ = {
			isa = XCBuildConfiguration;
			buildSettings = {
				ALWAYS_SEARCH_USER_PATHS = NO;
				CLANG_ANALYZER_NONNULL = YES;
				CLANG_CXX_LANGUAGE_STANDARD = "gnu++0x";
				CLANG_CXX_LIBRARY = "libc++";
				CLANG_ENABLE_MODULES = YES;
				CLANG_ENABLE_OBJC_ARC = YES;
				CLANG_WARN_BOOL_CONVERSION = YES;
				CLANG_WARN_CONSTANT_CONVERSION = YES;
				CLANG_WARN_DIRECT_OBJC_ISA_USAGE = YES_ERROR;
				CLANG_WARN_DOCUMENTATION_COMMENTS = YES;
				CLANG_WARN_EMPTY_BODY = YES;
				CLANG_WARN_ENUM_CONVERSION = YES;
				CLANG_WARN_INFINITE_RECURSION = YES;
				CLANG_WARN_INT_CONVERSION = YES;
				CLANG_WARN_OBJC_ROOT_CLASS = YES_ERROR;
				CLANG_WARN_SUSPICIOUS_MOVE = YES;
				CLANG_WARN_UNREACHABLE_CODE = YES;
				CLANG_WARN__DUPLICATE_METHOD_MATCH = YES;
				"CODE_SIGN_IDENTITY[sdk=iphoneos*]" = "iPhone Developer";
				COPY_PHASE_STRIP = NO;
				DEBUG_INFORMATION_FORMAT = dwarf;
				ENABLE_STRICT_OBJC_MSGSEND = YES;
				ENABLE_TESTABILITY = YES;
				GCC_C_LANGUAGE_STANDARD = gnu99;
				GCC_DYNAMIC_NO_PIC = NO;
				GCC_NO_COMMON_BLOCKS = YES;
				GCC_OPTIMIZATION_LEVEL = 0;
				GCC_PREPROCESSOR_DEFINITIONS = (
					"DEBUG=1",
					"$(inherited)",
				);
				GCC_WARN_64_TO_32_BIT_CONVERSION = YES;
				GCC_WARN_ABOUT_RETURN_TYPE = YES_ERROR;
				GCC_WARN_UNDECLARED_SELECTOR = YES;
				GCC_WARN_UNINITIALIZED_AUTOS = YES_AGGRESSIVE;
				GCC_WARN_UNUSED_FUNCTION = YES;
				GCC_WARN_UNUSED_VARIABLE = YES;
				IPHONEOS_DEPLOYMENT_TARGET = 10.2;
				MTL_ENABLE_DEBUG_INFO = YES;
				ONLY_ACTIVE_ARCH = YES;
				SDKROOT = iphoneos;
				SWIFT_ACTIVE_COMPILATION_CONDITIONS = DEBUG;
				SWIFT_OPTIMIZATION_LEVEL = "-Onone";
				TARGETED_DEVICE_FAMILY = "1,2";
			};
			name = Debug;
		};
		CE1F8DBC1E4B8FD800395C7C /* Release */ = {
			isa = XCBuildConfiguration;
			buildSettings = {
				ALWAYS_SEARCH_USER_PATHS = NO;
				CLANG_ANALYZER_NONNULL = YES;
				CLANG_CXX_LANGUAGE_STANDARD = "gnu++0x";
				CLANG_CXX_LIBRARY = "libc++";
				CLANG_ENABLE_MODULES = YES;
				CLANG_ENABLE_OBJC_ARC = YES;
				CLANG_WARN_BOOL_CONVERSION = YES;
				CLANG_WARN_CONSTANT_CONVERSION = YES;
				CLANG_WARN_DIRECT_OBJC_ISA_USAGE = YES_ERROR;
				CLANG_WARN_DOCUMENTATION_COMMENTS = YES;
				CLANG_WARN_EMPTY_BODY = YES;
				CLANG_WARN_ENUM_CONVERSION = YES;
				CLANG_WARN_INFINITE_RECURSION = YES;
				CLANG_WARN_INT_CONVERSION = YES;
				CLANG_WARN_OBJC_ROOT_CLASS = YES_ERROR;
				CLANG_WARN_SUSPICIOUS_MOVE = YES;
				CLANG_WARN_UNREACHABLE_CODE = YES;
				CLANG_WARN__DUPLICATE_METHOD_MATCH = YES;
				"CODE_SIGN_IDENTITY[sdk=iphoneos*]" = "iPhone Developer";
				COPY_PHASE_STRIP = NO;
				DEBUG_INFORMATION_FORMAT = "dwarf-with-dsym";
				ENABLE_NS_ASSERTIONS = NO;
				ENABLE_STRICT_OBJC_MSGSEND = YES;
				GCC_C_LANGUAGE_STANDARD = gnu99;
				GCC_NO_COMMON_BLOCKS = YES;
				GCC_WARN_64_TO_32_BIT_CONVERSION = YES;
				GCC_WARN_ABOUT_RETURN_TYPE = YES_ERROR;
				GCC_WARN_UNDECLARED_SELECTOR = YES;
				GCC_WARN_UNINITIALIZED_AUTOS = YES_AGGRESSIVE;
				GCC_WARN_UNUSED_FUNCTION = YES;
				GCC_WARN_UNUSED_VARIABLE = YES;
				IPHONEOS_DEPLOYMENT_TARGET = 10.2;
				MTL_ENABLE_DEBUG_INFO = NO;
				SDKROOT = iphoneos;
				SWIFT_OPTIMIZATION_LEVEL = "-Owholemodule";
				TARGETED_DEVICE_FAMILY = "1,2";
				VALIDATE_PRODUCT = YES;
			};
			name = Release;
		};
		CE1F8DBE1E4B8FD800395C7C /* Debug */ = {
			isa = XCBuildConfiguration;
			baseConfigurationReference = F326F43303835DC397ACBA2B /* Pods-TOPSPOT.debug.xcconfig */;
			buildSettings = {
				ASSETCATALOG_COMPILER_APPICON_NAME = AppIcon;
				INFOPLIST_FILE = TOPSPOT/Info.plist;
				LD_RUNPATH_SEARCH_PATHS = "$(inherited) @executable_path/Frameworks";
				PRODUCT_BUNDLE_IDENTIFIER = com.ludocorp.TOPSPOT;
				PRODUCT_NAME = "$(TARGET_NAME)";
				SWIFT_VERSION = 3.0;
			};
			name = Debug;
		};
		CE1F8DBF1E4B8FD800395C7C /* Release */ = {
			isa = XCBuildConfiguration;
			baseConfigurationReference = CEE9ED7F39D09BD411BC411A /* Pods-TOPSPOT.release.xcconfig */;
			buildSettings = {
				ASSETCATALOG_COMPILER_APPICON_NAME = AppIcon;
				INFOPLIST_FILE = TOPSPOT/Info.plist;
				LD_RUNPATH_SEARCH_PATHS = "$(inherited) @executable_path/Frameworks";
				PRODUCT_BUNDLE_IDENTIFIER = com.ludocorp.TOPSPOT;
				PRODUCT_NAME = "$(TARGET_NAME)";
				SWIFT_VERSION = 3.0;
			};
			name = Release;
		};
/* End XCBuildConfiguration section */

/* Begin XCConfigurationList section */
		CE1F8DA61E4B8FD600395C7C /* Build configuration list for PBXProject "TOPSPOT" */ = {
			isa = XCConfigurationList;
			buildConfigurations = (
				CE1F8DBB1E4B8FD800395C7C /* Debug */,
				CE1F8DBC1E4B8FD800395C7C /* Release */,
			);
			defaultConfigurationIsVisible = 0;
			defaultConfigurationName = Release;
		};
		CE1F8DBD1E4B8FD800395C7C /* Build configuration list for PBXNativeTarget "TOPSPOT" */ = {
			isa = XCConfigurationList;
			buildConfigurations = (
				CE1F8DBE1E4B8FD800395C7C /* Debug */,
				CE1F8DBF1E4B8FD800395C7C /* Release */,
			);
			defaultConfigurationIsVisible = 0;
			defaultConfigurationName = Release;
		};
/* End XCConfigurationList section */
	};
	rootObject = CE1F8DA31E4B8FD600395C7C /* Project object */;
}
